
Microsoft Visual Studio Solution File, Format Version 12.00
# Visual Studio Version 17
VisualStudioVersion = 17.2.32630.192
MinimumVisualStudioVersion = 10.0.40219.1
Project("{2150E333-8FDC-42A3-9474-1A3956D46DE8}") = "MicroService", "MicroService", "{73D1FBD5-5F0F-4E4A-8C90-4535EFB0A357}"
EndProject
Project("{FAE04EC0-301F-11D3-BF4B-00C04F79EFBC}") = "CustomerWebAPI", "CustomerWebAPI\CustomerWebAPI.csproj", "{EAF945FB-7ABC-4618-9D1B-1DF205FBC8B4}"
EndProject
Global
	GlobalSection(SolutionConfigurationPlatforms) = preSolution
		Debug|Any CPU = Debug|Any CPU
		Release|Any CPU = Release|Any CPU
	EndGlobalSection
	GlobalSection(ProjectConfigurationPlatforms) = postSolution
		{EAF945FB-7ABC-4618-9D1B-1DF205FBC8B4}.Debug|Any CPU.ActiveCfg = Debug|Any CPU
		{EAF945FB-7ABC-4618-9D1B-1DF205FBC8B4}.Debug|Any CPU.Build.0 = Debug|Any CPU
		{EAF945FB-7ABC-4618-9D1B-1DF205FBC8B4}.Release|Any CPU.ActiveCfg = Release|Any CPU
		{EAF945FB-7ABC-4618-9D1B-1DF205FBC8B4}.Release|Any CPU.Build.0 = Release|Any CPU
	EndGlobalSection
	GlobalSection(SolutionProperties) = preSolution
		HideSolutionNode = FALSE
	EndGlobalSection
	GlobalSection(NestedProjects) = preSolution
		{EAF945FB-7ABC-4618-9D1B-1DF205FBC8B4} = {73D1FBD5-5F0F-4E4A-8C90-4535EFB0A357}
	EndGlobalSection
	GlobalSection(ExtensibilityGlobals) = postSolution
		SolutionGuid = {2BE1FB42-2B5C-4A08-9727-55948A113360}
	EndGlobalSection
EndGlobal
